
Microsoft Visual Studio Solution File, Format Version 12.00
# Visual Studio Version 16
VisualStudioVersion = 16.0.30621.155
MinimumVisualStudioVersion = 10.0.40219.1
Project("{9A19103F-16F7-4668-BE54-9A1E7A4F7556}") = "PizzaBotv4", "PizzaBotv4\PizzaBotv4\PizzaBotv4.csproj", "{210CBAD7-8889-4CBB-B20B-24A0396F7955}"
EndProject
Global
	GlobalSection(SolutionConfigurationPlatforms) = preSolution
		Debug|Any CPU = Debug|Any CPU
		Release|Any CPU = Release|Any CPU
	EndGlobalSection
	GlobalSection(ProjectConfigurationPlatforms) = postSolution
		{210CBAD7-8889-4CBB-B20B-24A0396F7955}.Debug|Any CPU.ActiveCfg = Debug|Any CPU
		{210CBAD7-8889-4CBB-B20B-24A0396F7955}.Debug|Any CPU.Build.0 = Debug|Any CPU
		{210CBAD7-8889-4CBB-B20B-24A0396F7955}.Release|Any CPU.ActiveCfg = Release|Any CPU
		{210CBAD7-8889-4CBB-B20B-24A0396F7955}.Release|Any CPU.Build.0 = Release|Any CPU
	EndGlobalSection
	GlobalSection(SolutionProperties) = preSolution
		HideSolutionNode = FALSE
	EndGlobalSection
	GlobalSection(ExtensibilityGlobals) = postSolution
		SolutionGuid = {7F08699A-4D63-493B-B364-99E8B41AF927}
	EndGlobalSection
EndGlobal
